
Microsoft Visual Studio Solution File, Format Version 12.00
Project("{FAE04EC0-301F-11D3-BF4B-00C04F79EFBC}") = "WebApi", "WebApi\WebApi.csproj", "{B424E90F-7857-4DFC-B578-859128AF244E}"
EndProject
Project("{FAE04EC0-301F-11D3-BF4B-00C04F79EFBC}") = "Infrastructure", "Infrastructure\Infrastructure.csproj", "{D054BC2D-ECEC-47E4-9DB9-92EEA23D7B52}"
EndProject
Project("{FAE04EC0-301F-11D3-BF4B-00C04F79EFBC}") = "Core", "Core\Core.csproj", "{A4400702-6A82-4FF1-8088-1ABA315741DB}"
EndProject
Global
	GlobalSection(SolutionConfigurationPlatforms) = preSolution
		Debug|Any CPU = Debug|Any CPU
		Release|Any CPU = Release|Any CPU
	EndGlobalSection
	GlobalSection(ProjectConfigurationPlatforms) = postSolution
		{B424E90F-7857-4DFC-B578-859128AF244E}.Debug|Any CPU.ActiveCfg = Debug|Any CPU
		{B424E90F-7857-4DFC-B578-859128AF244E}.Debug|Any CPU.Build.0 = Debug|Any CPU
		{B424E90F-7857-4DFC-B578-859128AF244E}.Release|Any CPU.ActiveCfg = Release|Any CPU
		{B424E90F-7857-4DFC-B578-859128AF244E}.Release|Any CPU.Build.0 = Release|Any CPU
		{D054BC2D-ECEC-47E4-9DB9-92EEA23D7B52}.Debug|Any CPU.ActiveCfg = Debug|Any CPU
		{D054BC2D-ECEC-47E4-9DB9-92EEA23D7B52}.Debug|Any CPU.Build.0 = Debug|Any CPU
		{D054BC2D-ECEC-47E4-9DB9-92EEA23D7B52}.Release|Any CPU.ActiveCfg = Release|Any CPU
		{D054BC2D-ECEC-47E4-9DB9-92EEA23D7B52}.Release|Any CPU.Build.0 = Release|Any CPU
		{A4400702-6A82-4FF1-8088-1ABA315741DB}.Debug|Any CPU.ActiveCfg = Debug|Any CPU
		{A4400702-6A82-4FF1-8088-1ABA315741DB}.Debug|Any CPU.Build.0 = Debug|Any CPU
		{A4400702-6A82-4FF1-8088-1ABA315741DB}.Release|Any CPU.ActiveCfg = Release|Any CPU
		{A4400702-6A82-4FF1-8088-1ABA315741DB}.Release|Any CPU.Build.0 = Release|Any CPU
	EndGlobalSection
EndGlobal
